
Microsoft Visual Studio Solution File, Format Version 12.00
# Visual Studio Version 17
VisualStudioVersion = 17.14.36109.1 d17.14
MinimumVisualStudioVersion = 10.0.40219.1
Project("{FAE04EC0-301F-11D3-BF4B-00C04F79EFBC}") = "FertilityCare.WebAPI", "FertilityCare.WebAPI\FertilityCare.WebAPI.csproj", "{F5A77402-159C-4CB9-BEA1-FCBC25EA2B6B}"
EndProject
Project("{FAE04EC0-301F-11D3-BF4B-00C04F79EFBC}") = "FertilityCare.Domain", "FertilityCare.Domain\FertilityCare.Domain.csproj", "{DB9ABC47-9BE8-4F24-A5B2-F7FEABE7202A}"
EndProject
Project("{FAE04EC0-301F-11D3-BF4B-00C04F79EFBC}") = "FertilityCare.UseCase", "FertilityCare.UseCase\FertilityCare.UseCase.csproj", "{817DA513-18A0-4552-B584-BC441A6193E1}"
EndProject
Project("{FAE04EC0-301F-11D3-BF4B-00C04F79EFBC}") = "FertilityCare.Infrastructure", "FertilityCare.Infrastructure\FertilityCare.Infrastructure.csproj", "{263AB517-CA64-433B-8FDC-EF4EA847F806}"
EndProject
Project("{FAE04EC0-301F-11D3-BF4B-00C04F79EFBC}") = "FertilityCare.Shared", "FertilityCare.Shared\FertilityCare.Shared.csproj", "{67270470-EC66-46E6-8135-5D3C3CF3C7A9}"
EndProject
Global
	GlobalSection(SolutionConfigurationPlatforms) = preSolution
		Debug|Any CPU = Debug|Any CPU
		Release|Any CPU = Release|Any CPU
	EndGlobalSection
	GlobalSection(ProjectConfigurationPlatforms) = postSolution
		{F5A77402-159C-4CB9-BEA1-FCBC25EA2B6B}.Debug|Any CPU.ActiveCfg = Debug|Any CPU
		{F5A77402-159C-4CB9-BEA1-FCBC25EA2B6B}.Debug|Any CPU.Build.0 = Debug|Any CPU
		{F5A77402-159C-4CB9-BEA1-FCBC25EA2B6B}.Release|Any CPU.ActiveCfg = Release|Any CPU
		{F5A77402-159C-4CB9-BEA1-FCBC25EA2B6B}.Release|Any CPU.Build.0 = Release|Any CPU
		{DB9ABC47-9BE8-4F24-A5B2-F7FEABE7202A}.Debug|Any CPU.ActiveCfg = Debug|Any CPU
		{DB9ABC47-9BE8-4F24-A5B2-F7FEABE7202A}.Debug|Any CPU.Build.0 = Debug|Any CPU
		{DB9ABC47-9BE8-4F24-A5B2-F7FEABE7202A}.Release|Any CPU.ActiveCfg = Release|Any CPU
		{DB9ABC47-9BE8-4F24-A5B2-F7FEABE7202A}.Release|Any CPU.Build.0 = Release|Any CPU
		{817DA513-18A0-4552-B584-BC441A6193E1}.Debug|Any CPU.ActiveCfg = Debug|Any CPU
		{817DA513-18A0-4552-B584-BC441A6193E1}.Debug|Any CPU.Build.0 = Debug|Any CPU
		{817DA513-18A0-4552-B584-BC441A6193E1}.Release|Any CPU.ActiveCfg = Release|Any CPU
		{817DA513-18A0-4552-B584-BC441A6193E1}.Release|Any CPU.Build.0 = Release|Any CPU
		{263AB517-CA64-433B-8FDC-EF4EA847F806}.Debug|Any CPU.ActiveCfg = Debug|Any CPU
		{263AB517-CA64-433B-8FDC-EF4EA847F806}.Debug|Any CPU.Build.0 = Debug|Any CPU
		{263AB517-CA64-433B-8FDC-EF4EA847F806}.Release|Any CPU.ActiveCfg = Release|Any CPU
		{263AB517-CA64-433B-8FDC-EF4EA847F806}.Release|Any CPU.Build.0 = Release|Any CPU
		{67270470-EC66-46E6-8135-5D3C3CF3C7A9}.Debug|Any CPU.ActiveCfg = Debug|Any CPU
		{67270470-EC66-46E6-8135-5D3C3CF3C7A9}.Debug|Any CPU.Build.0 = Debug|Any CPU
		{67270470-EC66-46E6-8135-5D3C3CF3C7A9}.Release|Any CPU.ActiveCfg = Release|Any CPU
		{67270470-EC66-46E6-8135-5D3C3CF3C7A9}.Release|Any CPU.Build.0 = Release|Any CPU
	EndGlobalSection
	GlobalSection(SolutionProperties) = preSolution
		HideSolutionNode = FALSE
	EndGlobalSection
	GlobalSection(ExtensibilityGlobals) = postSolution
		SolutionGuid = {BC7A21DA-3CCB-4466-A214-445F55621A45}
	EndGlobalSection
EndGlobal
